
Microsoft Visual Studio Solution File, Format Version 12.00
# Visual Studio Version 17
VisualStudioVersion = 17.0.31903.59
MinimumVisualStudioVersion = 10.0.40219.1
Project("{FAE04EC0-301F-11D3-BF4B-00C04F79EFBC}") = "PrimeService", "PrimeService\PrimeService.csproj", "{87D48D06-8AAE-4B09-8A93-5B0352941A7A}"
EndProject
Project("{FAE04EC0-301F-11D3-BF4B-00C04F79EFBC}") = "PrimeService.Tests", "PrimeService.Tests\PrimeService.Tests.csproj", "{C39A2F89-68B3-472B-90DA-9BD78FAA56B0}"
EndProject
Global
	GlobalSection(SolutionConfigurationPlatforms) = preSolution
		Debug|Any CPU = Debug|Any CPU
		Release|Any CPU = Release|Any CPU
	EndGlobalSection
	GlobalSection(SolutionProperties) = preSolution
		HideSolutionNode = FALSE
	EndGlobalSection
	GlobalSection(ProjectConfigurationPlatforms) = postSolution
		{87D48D06-8AAE-4B09-8A93-5B0352941A7A}.Debug|Any CPU.ActiveCfg = Debug|Any CPU
		{87D48D06-8AAE-4B09-8A93-5B0352941A7A}.Debug|Any CPU.Build.0 = Debug|Any CPU
		{87D48D06-8AAE-4B09-8A93-5B0352941A7A}.Release|Any CPU.ActiveCfg = Release|Any CPU
		{87D48D06-8AAE-4B09-8A93-5B0352941A7A}.Release|Any CPU.Build.0 = Release|Any CPU
		{C39A2F89-68B3-472B-90DA-9BD78FAA56B0}.Debug|Any CPU.ActiveCfg = Debug|Any CPU
		{C39A2F89-68B3-472B-90DA-9BD78FAA56B0}.Debug|Any CPU.Build.0 = Debug|Any CPU
		{C39A2F89-68B3-472B-90DA-9BD78FAA56B0}.Release|Any CPU.ActiveCfg = Release|Any CPU
		{C39A2F89-68B3-472B-90DA-9BD78FAA56B0}.Release|Any CPU.Build.0 = Release|Any CPU
	EndGlobalSection
EndGlobal
